
Microsoft Visual Studio Solution File, Format Version 12.00
# Visual Studio Version 17
VisualStudioVersion = 17.14.36221.1
MinimumVisualStudioVersion = 10.0.40219.1
Project("{2150E333-8FDC-42A3-9474-1A3956D46DE8}") = "Services", "Services", "{02EA681E-C7D8-13C7-8484-4AC65E1B71E8}"
EndProject
Project("{2150E333-8FDC-42A3-9474-1A3956D46DE8}") = "Catalog", "Catalog", "{9AF3D13C-B872-42B2-8A18-B262774A2874}"
EndProject
Project("{FAE04EC0-301F-11D3-BF4B-00C04F79EFBC}") = "MultiShop.Catalog", "Services\Catalog\MultiShop.Catalog\MultiShop.Catalog.csproj", "{0F03F971-A9D0-4F24-BA0B-1424059DF0E7}"
EndProject
Project("{2150E333-8FDC-42A3-9474-1A3956D46DE8}") = "Discount", "Discount", "{AAC142C4-69CF-4811-832C-E1E0F9CDE9BE}"
EndProject
Project("{FAE04EC0-301F-11D3-BF4B-00C04F79EFBC}") = "Multishop.Discount", "Services\Multishop.Discount\Multishop.Discount\Multishop.Discount.csproj", "{BC05D2C8-FB53-4588-94DF-A54B75139DF0}"
EndProject
Project("{2150E333-8FDC-42A3-9474-1A3956D46DE8}") = "Order", "Order", "{38501288-AED0-420B-AC21-CF889015408D}"
EndProject
Project("{2150E333-8FDC-42A3-9474-1A3956D46DE8}") = "Core", "Core", "{90AEA1C0-0333-45EA-9603-1DDE3E91BC7A}"
EndProject
Project("{2150E333-8FDC-42A3-9474-1A3956D46DE8}") = "Infrastructure", "Infrastructure", "{CD3525A8-8C0E-4C72-A925-768C33B97582}"
EndProject
Project("{2150E333-8FDC-42A3-9474-1A3956D46DE8}") = "Presentation", "Presentation", "{B19237F0-2F07-41C4-8831-CC7DEF460172}"
EndProject
Project("{FAE04EC0-301F-11D3-BF4B-00C04F79EFBC}") = "MultiShop.Order.Domain", "Services\Order\Core\MultiShop.Order.Domain\MultiShop.Order.Domain.csproj", "{22C01EB9-0F73-4DC7-AFC3-48AD6CD45813}"
EndProject
Project("{FAE04EC0-301F-11D3-BF4B-00C04F79EFBC}") = "MultiShop.Order.Application", "Services\Order\Core\MultiShop.Order.Application\MultiShop.Order.Application.csproj", "{3956B18A-7632-4C7D-916F-BEB44035CE50}"
EndProject
Project("{FAE04EC0-301F-11D3-BF4B-00C04F79EFBC}") = "MultiShop.Order.Persistence", "Services\Infrastructure\MultiShop.Order.Persistence\MultiShop.Order.Persistence.csproj", "{03AE6546-F622-4B52-9FE5-BC42293530AE}"
EndProject
Project("{FAE04EC0-301F-11D3-BF4B-00C04F79EFBC}") = "MultiShop.Order.Prensentation", "Services\Order\Presentation\MultiShop.Order.Prensentation\MultiShop.Order.Prensentation.csproj", "{E33879F9-CE92-4F03-B537-4F406A12DF13}"
EndProject
Global
	GlobalSection(SolutionConfigurationPlatforms) = preSolution
		Debug|Any CPU = Debug|Any CPU
		Release|Any CPU = Release|Any CPU
	EndGlobalSection
	GlobalSection(ProjectConfigurationPlatforms) = postSolution
		{0F03F971-A9D0-4F24-BA0B-1424059DF0E7}.Debug|Any CPU.ActiveCfg = Debug|Any CPU
		{0F03F971-A9D0-4F24-BA0B-1424059DF0E7}.Debug|Any CPU.Build.0 = Debug|Any CPU
		{0F03F971-A9D0-4F24-BA0B-1424059DF0E7}.Release|Any CPU.ActiveCfg = Release|Any CPU
		{0F03F971-A9D0-4F24-BA0B-1424059DF0E7}.Release|Any CPU.Build.0 = Release|Any CPU
		{BC05D2C8-FB53-4588-94DF-A54B75139DF0}.Debug|Any CPU.ActiveCfg = Debug|Any CPU
		{BC05D2C8-FB53-4588-94DF-A54B75139DF0}.Debug|Any CPU.Build.0 = Debug|Any CPU
		{BC05D2C8-FB53-4588-94DF-A54B75139DF0}.Release|Any CPU.ActiveCfg = Release|Any CPU
		{BC05D2C8-FB53-4588-94DF-A54B75139DF0}.Release|Any CPU.Build.0 = Release|Any CPU
		{22C01EB9-0F73-4DC7-AFC3-48AD6CD45813}.Debug|Any CPU.ActiveCfg = Debug|Any CPU
		{22C01EB9-0F73-4DC7-AFC3-48AD6CD45813}.Debug|Any CPU.Build.0 = Debug|Any CPU
		{22C01EB9-0F73-4DC7-AFC3-48AD6CD45813}.Release|Any CPU.ActiveCfg = Release|Any CPU
		{22C01EB9-0F73-4DC7-AFC3-48AD6CD45813}.Release|Any CPU.Build.0 = Release|Any CPU
		{3956B18A-7632-4C7D-916F-BEB44035CE50}.Debug|Any CPU.ActiveCfg = Debug|Any CPU
		{3956B18A-7632-4C7D-916F-BEB44035CE50}.Debug|Any CPU.Build.0 = Debug|Any CPU
		{3956B18A-7632-4C7D-916F-BEB44035CE50}.Release|Any CPU.ActiveCfg = Release|Any CPU
		{3956B18A-7632-4C7D-916F-BEB44035CE50}.Release|Any CPU.Build.0 = Release|Any CPU
		{03AE6546-F622-4B52-9FE5-BC42293530AE}.Debug|Any CPU.ActiveCfg = Debug|Any CPU
		{03AE6546-F622-4B52-9FE5-BC42293530AE}.Debug|Any CPU.Build.0 = Debug|Any CPU
		{03AE6546-F622-4B52-9FE5-BC42293530AE}.Release|Any CPU.ActiveCfg = Release|Any CPU
		{03AE6546-F622-4B52-9FE5-BC42293530AE}.Release|Any CPU.Build.0 = Release|Any CPU
		{E33879F9-CE92-4F03-B537-4F406A12DF13}.Debug|Any CPU.ActiveCfg = Debug|Any CPU
		{E33879F9-CE92-4F03-B537-4F406A12DF13}.Debug|Any CPU.Build.0 = Debug|Any CPU
		{E33879F9-CE92-4F03-B537-4F406A12DF13}.Release|Any CPU.ActiveCfg = Release|Any CPU
		{E33879F9-CE92-4F03-B537-4F406A12DF13}.Release|Any CPU.Build.0 = Release|Any CPU
	EndGlobalSection
	GlobalSection(SolutionProperties) = preSolution
		HideSolutionNode = FALSE
	EndGlobalSection
	GlobalSection(NestedProjects) = preSolution
		{9AF3D13C-B872-42B2-8A18-B262774A2874} = {02EA681E-C7D8-13C7-8484-4AC65E1B71E8}
		{0F03F971-A9D0-4F24-BA0B-1424059DF0E7} = {9AF3D13C-B872-42B2-8A18-B262774A2874}
		{AAC142C4-69CF-4811-832C-E1E0F9CDE9BE} = {02EA681E-C7D8-13C7-8484-4AC65E1B71E8}
		{BC05D2C8-FB53-4588-94DF-A54B75139DF0} = {AAC142C4-69CF-4811-832C-E1E0F9CDE9BE}
		{38501288-AED0-420B-AC21-CF889015408D} = {02EA681E-C7D8-13C7-8484-4AC65E1B71E8}
		{90AEA1C0-0333-45EA-9603-1DDE3E91BC7A} = {38501288-AED0-420B-AC21-CF889015408D}
		{CD3525A8-8C0E-4C72-A925-768C33B97582} = {38501288-AED0-420B-AC21-CF889015408D}
		{B19237F0-2F07-41C4-8831-CC7DEF460172} = {38501288-AED0-420B-AC21-CF889015408D}
		{22C01EB9-0F73-4DC7-AFC3-48AD6CD45813} = {90AEA1C0-0333-45EA-9603-1DDE3E91BC7A}
		{3956B18A-7632-4C7D-916F-BEB44035CE50} = {90AEA1C0-0333-45EA-9603-1DDE3E91BC7A}
		{03AE6546-F622-4B52-9FE5-BC42293530AE} = {CD3525A8-8C0E-4C72-A925-768C33B97582}
		{E33879F9-CE92-4F03-B537-4F406A12DF13} = {B19237F0-2F07-41C4-8831-CC7DEF460172}
	EndGlobalSection
	GlobalSection(ExtensibilityGlobals) = postSolution
		SolutionGuid = {558C3DE5-7922-4008-B475-AD322C27B154}
	EndGlobalSection
EndGlobal
